
Microsoft Visual Studio Solution File, Format Version 12.00
# Visual Studio Version 17
VisualStudioVersion = 17.9.34728.123
MinimumVisualStudioVersion = 10.0.40219.1
Project("{FAE04EC0-301F-11D3-BF4B-00C04F79EFBC}") = "Client", "Client.csproj", "{52F4B28F-EC08-468C-A7A2-88346C97426B}"
EndProject
Global
	GlobalSection(SolutionConfigurationPlatforms) = preSolution
		Debug|Any CPU = Debug|Any CPU
		Release|Any CPU = Release|Any CPU
	EndGlobalSection
	GlobalSection(ProjectConfigurationPlatforms) = postSolution
		{52F4B28F-EC08-468C-A7A2-88346C97426B}.Debug|Any CPU.ActiveCfg = Debug|Any CPU
		{52F4B28F-EC08-468C-A7A2-88346C97426B}.Debug|Any CPU.Build.0 = Debug|Any CPU
		{52F4B28F-EC08-468C-A7A2-88346C97426B}.Release|Any CPU.ActiveCfg = Release|Any CPU
		{52F4B28F-EC08-468C-A7A2-88346C97426B}.Release|Any CPU.Build.0 = Release|Any CPU
	EndGlobalSection
	GlobalSection(SolutionProperties) = preSolution
		HideSolutionNode = FALSE
	EndGlobalSection
	GlobalSection(ExtensibilityGlobals) = postSolution
		SolutionGuid = {64E40944-DBFF-4EC3-B567-FE7A61F16FED}
	EndGlobalSection
EndGlobal
